<?xml version="1.0" encoding="utf-8"?>
<Project ToolsVersion="4.0" xmlns="http://schemas.microsoft.com/developer/msbuild/2003">
  <ItemGroup>
    <Filter Include="Source Files">
      <UniqueIdentifier>{4FC737F1-C7A5-4376-A066-2A32D752A2FF}</UniqueIdentifier>
      <Extensions>cpp;c;cc;cxx;c++;cppm;ixx;def;odl;idl;hpj;bat;asm;asmx</Extensions>
    </Filter>
    <Filter Include="Header Files">
      <UniqueIdentifier>{93995380-89BD-4b04-88EB-625FBE52EBFB}</UniqueIdentifier>
      <Extensions>h;hh;hpp;hxx;h++;hm;inl;inc;ipp;xsd</Extensions>
    </Filter>
    <Filter Include="Resource Files">
      <UniqueIdentifier>{67DA6AB6-F800-4c08-8B7A-83BB121AAD01}</UniqueIdentifier>
      <Extensions>rc;ico;cur;bmp;dlg;rc2;rct;bin;rgs;gif;jpg;jpeg;jpe;resx;tiff;tif;png;wav;mfcribbon-ms</Extensions>
    </Filter>
    <Filter Include="Shader">
      <UniqueIdentifier>{290c7bb5-d790-4454-8444-30d1fbd40e61}</UniqueIdentifier>
    </Filter>
    <Filter Include="Imgui">
      <UniqueIdentifier>{8481867e-a3a5-491a-95a3-fee49a81ce44}</UniqueIdentifier>
    </Filter>
  </ItemGroup>
  <ItemGroup>
    <ClCompile Include="..\imgui\imgui_widgets.cpp">
      <Filter>Imgui</Filter>
    </ClCompile>
    <ClCompile Include="..\imgui\imgui.cpp">
      <Filter>Imgui</Filter>
    </ClCompile>
    <ClCompile Include="..\imgui\imgui_demo.cpp">
      <Filter>Imgui</Filter>
    </ClCompile>
    <ClCompile Include="..\imgui\imgui_draw.cpp">
      <Filter>Imgui</Filter>
    </ClCompile>
    <ClCompile Include="..\imgui\backends\imgui_impl_dx11.cpp">
      <Filter>Imgui</Filter>
    </ClCompile>
    <ClCompile Include="..\imgui\backends\imgui_impl_win32.cpp">
      <Filter>Imgui</Filter>
    </ClCompile>
    <ClCompile Include="..\imgui\imgui_tables.cpp">
      <Filter>Imgui</Filter>
    </ClCompile>
    <ClCompile Include="src\Camera.cpp">
      <Filter>Source Files</Filter>
    </ClCompile>
    <ClCompile Include="src\CubeMap.cpp">
      <Filter>Source Files</Filter>
    </ClCompile>
    <ClCompile Include="src\Fmap.cpp">
      <Filter>Source Files</Filter>
    </ClCompile>
    <ClCompile Include="src\Noise.cpp">
      <Filter>Source Files</Filter>
    </ClCompile>
    <ClCompile Include="src\DrawQuad.cpp">
      <Filter>Source Files</Filter>
    </ClCompile>
    <ClCompile Include="src\Primitive.cpp">
      <Filter>Source Files</Filter>
    </ClCompile>
    <ClCompile Include="src\Raymarching.cpp">
      <Filter>Source Files</Filter>
    </ClCompile>
    <ClCompile Include="src\VolumetricCloud.cpp">
      <Filter>Source Files</Filter>
    </ClCompile>
    <ClCompile Include="src\DDSLoader.cpp">
      <Filter>Source Files</Filter>
    </ClCompile>
  </ItemGroup>
  <ItemGroup>
    <ResourceCompile Include="VolumetricCloud.rc">
      <Filter>Resource Files</Filter>
    </ResourceCompile>
  </ItemGroup>
  <ItemGroup>
    <Image Include="small.ico">
      <Filter>Resource Files</Filter>
    </Image>
    <Image Include="VolumetricCloud.ico">
      <Filter>Resource Files</Filter>
    </Image>
  </ItemGroup>
  <ItemGroup>
    <ClInclude Include="includes\Camera.h">
      <Filter>Header Files</Filter>
    </ClInclude>
    <ClInclude Include="includes\CubeMap.h">
      <Filter>Header Files</Filter>
    </ClInclude>
    <ClInclude Include="includes\FinalScene.h">
      <Filter>Header Files</Filter>
    </ClInclude>
    <ClInclude Include="includes\Fmap.h">
      <Filter>Header Files</Filter>
    </ClInclude>
    <ClInclude Include="includes\Noise.h">
      <Filter>Header Files</Filter>
    </ClInclude>
    <ClInclude Include="includes\DrawQuad.h">
      <Filter>Header Files</Filter>
    </ClInclude>
    <ClInclude Include="includes\Primitive.h">
      <Filter>Header Files</Filter>
    </ClInclude>
    <ClInclude Include="includes\Raymarching.h">
      <Filter>Header Files</Filter>
    </ClInclude>
    <ClInclude Include="includes\Renderer.h">
      <Filter>Header Files</Filter>
    </ClInclude>
    <ClInclude Include="includes\VolumetricCloud.h">
      <Filter>Header Files</Filter>
    </ClInclude>
    <ClInclude Include="framework.h">
      <Filter>Header Files</Filter>
    </ClInclude>
    <ClInclude Include="targetver.h">
      <Filter>Header Files</Filter>
    </ClInclude>
    <ClInclude Include="Resource.h">
      <Filter>Header Files</Filter>
    </ClInclude>
    <ClInclude Include="includes\GPUTimer.h">
      <Filter>Header Files</Filter>
    </ClInclude>
    <ClInclude Include="includes\DDSLoader.h">
      <Filter>Header Files</Filter>
    </ClInclude>
    <ClInclude Include="includes\Transform.h">
      <Filter>Header Files</Filter>
    </ClInclude>
    <ClInclude Include="includes\TimeCounter.h">
      <Filter>Header Files</Filter>
    </ClInclude>
  </ItemGroup>
  <ItemGroup>
    <FxCompile Include="shaders\CommonBuffer.hlsl">
      <Filter>Shader</Filter>
    </FxCompile>
    <FxCompile Include="shaders\DepthDebug.hlsl">
      <Filter>Shader</Filter>
    </FxCompile>
    <FxCompile Include="shaders\FBM.hlsl">
      <Filter>Shader</Filter>
    </FxCompile>
    <FxCompile Include="shaders\FBMTex.hlsl">
      <Filter>Shader</Filter>
    </FxCompile>
    <FxCompile Include="shaders\FXAA.hlsl">
      <Filter>Shader</Filter>
    </FxCompile>
    <FxCompile Include="shaders\memo.hlsl">
      <Filter>Shader</Filter>
    </FxCompile>
    <FxCompile Include="shaders\PostAA.hlsl">
      <Filter>Shader</Filter>
    </FxCompile>
    <FxCompile Include="shaders\MergePrimitiveAndCloud.hlsl">
      <Filter>Shader</Filter>
    </FxCompile>
    <FxCompile Include="shaders\Primitive.hlsl">
      <Filter>Shader</Filter>
    </FxCompile>
    <FxCompile Include="shaders\RayMarch.hlsl">
      <Filter>Shader</Filter>
    </FxCompile>
    <FxCompile Include="shaders\RevertDithering.hlsl">
      <Filter>Shader</Filter>
    </FxCompile>
    <FxCompile Include="shaders\SDF.hlsl">
      <Filter>Shader</Filter>
    </FxCompile>
    <FxCompile Include="shaders\SkyMap.hlsl">
      <Filter>Shader</Filter>
    </FxCompile>
    <FxCompile Include="shaders\SkyMapIrradiance.hlsl">
      <Filter>Shader</Filter>
    </FxCompile>
    <FxCompile Include="shaders\SkyRay.hlsl">
      <Filter>Shader</Filter>
    </FxCompile>
    <FxCompile Include="shaders\upsample-bilateral.ps.hlsl">
      <Filter>Shader</Filter>
    </FxCompile>
  </ItemGroup>
</Project>